{
  "lib/erc20-helpers": {
    "rev": "3c66d2b38ae12f5c0f81068fdb6a59f4079c799a"
  },
  "lib/forge-std": {
    "rev": "bf647bd6046f2f7da30d0c2bf435e5c76a780c1b"
  },
  "lib/sparklend-address-registry": {
    "rev": "405954de096cea0ccd3cd70eced2f5f4ef69a2ae"
  },
  "lib/sparklend-advanced": {
    "rev": "f72c4df091edc542e31b54619f63937ae03c5f1f"
  },
  "lib/sparklend-v1-core": {
    "rev": "c203ef664b68a89ad9362bc3a1e97703ded0f243"
  }
}
